
Microsoft Visual Studio Solution File, Format Version 12.00
# Visual Studio 2013
VisualStudioVersion = 12.0.21005.1
MinimumVisualStudioVersion = 10.0.40219.1
Project("{CC5FD16D-436D-48AD-A40C-5A424C6E3E79}") = "HosPoc", "HosPoc\HosPoc.ccproj", "{E30E821B-4894-40CB-9109-E050DEC64D09}"
EndProject
Project("{FAE04EC0-301F-11D3-BF4B-00C04F79EFBC}") = "HosUI", "HosUI\HosUI.csproj", "{8FEF04D6-9CFF-4C1F-9433-2332758A5859}"
EndProject
Project("{FAE04EC0-301F-11D3-BF4B-00C04F79EFBC}") = "HosUI.Tests", "HosUI.Tests\HosUI.Tests.csproj", "{FE5CC9ED-1500-47A3-A239-FAC2CB4EA425}"
EndProject
Project("{FAE04EC0-301F-11D3-BF4B-00C04F79EFBC}") = "HosIncommingService", "HosIncommingService\HosIncommingService.csproj", "{A9717F00-2DD1-4B34-AB72-98863BEC83F8}"
EndProject
Project("{FAE04EC0-301F-11D3-BF4B-00C04F79EFBC}") = "HosSummarisationService", "HosSummarisationService\HosSummarisationService.csproj", "{FA41E0A2-3973-4BA8-AE65-4E95E28094FC}"
EndProject
Project("{FAE04EC0-301F-11D3-BF4B-00C04F79EFBC}") = "HosCommsApi", "HosCommsApi\HosCommsApi.csproj", "{70FF49FA-3998-43BC-9BFC-2FE81DCC5CAE}"
EndProject
Project("{FAE04EC0-301F-11D3-BF4B-00C04F79EFBC}") = "HosCommsApi.Tests", "HosCommsApi.Tests\HosCommsApi.Tests.csproj", "{F65A6562-5D2A-42E4-BB98-B835E1C176F8}"
EndProject
Project("{FAE04EC0-301F-11D3-BF4B-00C04F79EFBC}") = "RepositoryInterface", "RepositoryInterface\RepositoryInterface.csproj", "{9B561CE3-8FFC-40DB-AB2E-0EB371AA275B}"
EndProject
Project("{FAE04EC0-301F-11D3-BF4B-00C04F79EFBC}") = "SqlRepository", "SqlRepository\SqlRepository.csproj", "{771EAF5F-98CB-4802-877F-BBB531C7C307}"
EndProject
Project("{FAE04EC0-301F-11D3-BF4B-00C04F79EFBC}") = "AzureTablesRepository", "AzureTablesRepository\AzureTablesRepository.csproj", "{CBA35777-8A22-4FD4-93F0-277C3BC67AC2}"
EndProject
Project("{2150E333-8FDC-42A3-9474-1A3956D46DE8}") = "Repositories", "Repositories", "{42298592-E8F8-493A-BB74-39AD71185D02}"
EndProject
Project("{00D1A9C2-B5F0-4AF3-8072-F6C62B433612}") = "HosDB", "HosDB\HosDB.sqlproj", "{79AC7BFA-0632-41C7-988C-776C136E2C4F}"
EndProject
Project("{FAE04EC0-301F-11D3-BF4B-00C04F79EFBC}") = "ConsoleSender", "ConsoleSender\ConsoleSender.csproj", "{C8F41752-854C-42DE-AA2D-19A1770FD2D7}"
EndProject
Project("{2150E333-8FDC-42A3-9474-1A3956D46DE8}") = "LoadTesting", "LoadTesting", "{D74EE0C8-43F6-4448-AC9C-1733299C471C}"
EndProject
Project("{FAE04EC0-301F-11D3-BF4B-00C04F79EFBC}") = "LoadTestClient", "LoadTestClient\LoadTestClient.csproj", "{7D60DD1E-3D97-4992-85D9-BB0344626AD4}"
EndProject
Project("{FAE04EC0-301F-11D3-BF4B-00C04F79EFBC}") = "HosDriverService", "HosDriverService\HosDriverService.csproj", "{EAB7AD49-0D02-4207-A304-A89AF3B92CA8}"
EndProject
Project("{2150E333-8FDC-42A3-9474-1A3956D46DE8}") = "ServiceBusQueues", "ServiceBusQueues", "{49FB6BA5-5A63-4C8E-83E3-C0B6145ED9B0}"
EndProject
Project("{FAE04EC0-301F-11D3-BF4B-00C04F79EFBC}") = "AzureSBQ", "ServiceBusQueues\AzureSBQ\AzureSBQ.csproj", "{326F9760-C82D-4D41-AC18-ED684BA8BFBA}"
EndProject
Global
	GlobalSection(SolutionConfigurationPlatforms) = preSolution
		Debug|Any CPU = Debug|Any CPU
		Release|Any CPU = Release|Any CPU
	EndGlobalSection
	GlobalSection(ProjectConfigurationPlatforms) = postSolution
		{E30E821B-4894-40CB-9109-E050DEC64D09}.Debug|Any CPU.ActiveCfg = Debug|Any CPU
		{E30E821B-4894-40CB-9109-E050DEC64D09}.Debug|Any CPU.Build.0 = Debug|Any CPU
		{E30E821B-4894-40CB-9109-E050DEC64D09}.Release|Any CPU.ActiveCfg = Release|Any CPU
		{E30E821B-4894-40CB-9109-E050DEC64D09}.Release|Any CPU.Build.0 = Release|Any CPU
		{8FEF04D6-9CFF-4C1F-9433-2332758A5859}.Debug|Any CPU.ActiveCfg = Debug|Any CPU
		{8FEF04D6-9CFF-4C1F-9433-2332758A5859}.Debug|Any CPU.Build.0 = Debug|Any CPU
		{8FEF04D6-9CFF-4C1F-9433-2332758A5859}.Release|Any CPU.ActiveCfg = Release|Any CPU
		{8FEF04D6-9CFF-4C1F-9433-2332758A5859}.Release|Any CPU.Build.0 = Release|Any CPU
		{FE5CC9ED-1500-47A3-A239-FAC2CB4EA425}.Debug|Any CPU.ActiveCfg = Debug|Any CPU
		{FE5CC9ED-1500-47A3-A239-FAC2CB4EA425}.Debug|Any CPU.Build.0 = Debug|Any CPU
		{FE5CC9ED-1500-47A3-A239-FAC2CB4EA425}.Release|Any CPU.ActiveCfg = Release|Any CPU
		{FE5CC9ED-1500-47A3-A239-FAC2CB4EA425}.Release|Any CPU.Build.0 = Release|Any CPU
		{A9717F00-2DD1-4B34-AB72-98863BEC83F8}.Debug|Any CPU.ActiveCfg = Debug|Any CPU
		{A9717F00-2DD1-4B34-AB72-98863BEC83F8}.Debug|Any CPU.Build.0 = Debug|Any CPU
		{A9717F00-2DD1-4B34-AB72-98863BEC83F8}.Release|Any CPU.ActiveCfg = Release|Any CPU
		{A9717F00-2DD1-4B34-AB72-98863BEC83F8}.Release|Any CPU.Build.0 = Release|Any CPU
		{FA41E0A2-3973-4BA8-AE65-4E95E28094FC}.Debug|Any CPU.ActiveCfg = Debug|Any CPU
		{FA41E0A2-3973-4BA8-AE65-4E95E28094FC}.Debug|Any CPU.Build.0 = Debug|Any CPU
		{FA41E0A2-3973-4BA8-AE65-4E95E28094FC}.Release|Any CPU.ActiveCfg = Release|Any CPU
		{FA41E0A2-3973-4BA8-AE65-4E95E28094FC}.Release|Any CPU.Build.0 = Release|Any CPU
		{70FF49FA-3998-43BC-9BFC-2FE81DCC5CAE}.Debug|Any CPU.ActiveCfg = Debug|Any CPU
		{70FF49FA-3998-43BC-9BFC-2FE81DCC5CAE}.Debug|Any CPU.Build.0 = Debug|Any CPU
		{70FF49FA-3998-43BC-9BFC-2FE81DCC5CAE}.Release|Any CPU.ActiveCfg = Release|Any CPU
		{70FF49FA-3998-43BC-9BFC-2FE81DCC5CAE}.Release|Any CPU.Build.0 = Release|Any CPU
		{F65A6562-5D2A-42E4-BB98-B835E1C176F8}.Debug|Any CPU.ActiveCfg = Debug|Any CPU
		{F65A6562-5D2A-42E4-BB98-B835E1C176F8}.Debug|Any CPU.Build.0 = Debug|Any CPU
		{F65A6562-5D2A-42E4-BB98-B835E1C176F8}.Release|Any CPU.ActiveCfg = Release|Any CPU
		{F65A6562-5D2A-42E4-BB98-B835E1C176F8}.Release|Any CPU.Build.0 = Release|Any CPU
		{9B561CE3-8FFC-40DB-AB2E-0EB371AA275B}.Debug|Any CPU.ActiveCfg = Debug|Any CPU
		{9B561CE3-8FFC-40DB-AB2E-0EB371AA275B}.Debug|Any CPU.Build.0 = Debug|Any CPU
		{9B561CE3-8FFC-40DB-AB2E-0EB371AA275B}.Release|Any CPU.ActiveCfg = Release|Any CPU
		{9B561CE3-8FFC-40DB-AB2E-0EB371AA275B}.Release|Any CPU.Build.0 = Release|Any CPU
		{771EAF5F-98CB-4802-877F-BBB531C7C307}.Debug|Any CPU.ActiveCfg = Debug|Any CPU
		{771EAF5F-98CB-4802-877F-BBB531C7C307}.Debug|Any CPU.Build.0 = Debug|Any CPU
		{771EAF5F-98CB-4802-877F-BBB531C7C307}.Release|Any CPU.ActiveCfg = Release|Any CPU
		{771EAF5F-98CB-4802-877F-BBB531C7C307}.Release|Any CPU.Build.0 = Release|Any CPU
		{CBA35777-8A22-4FD4-93F0-277C3BC67AC2}.Debug|Any CPU.ActiveCfg = Debug|Any CPU
		{CBA35777-8A22-4FD4-93F0-277C3BC67AC2}.Debug|Any CPU.Build.0 = Debug|Any CPU
		{CBA35777-8A22-4FD4-93F0-277C3BC67AC2}.Release|Any CPU.ActiveCfg = Release|Any CPU
		{CBA35777-8A22-4FD4-93F0-277C3BC67AC2}.Release|Any CPU.Build.0 = Release|Any CPU
		{79AC7BFA-0632-41C7-988C-776C136E2C4F}.Debug|Any CPU.ActiveCfg = Debug|Any CPU
		{79AC7BFA-0632-41C7-988C-776C136E2C4F}.Debug|Any CPU.Build.0 = Debug|Any CPU
		{79AC7BFA-0632-41C7-988C-776C136E2C4F}.Debug|Any CPU.Deploy.0 = Debug|Any CPU
		{79AC7BFA-0632-41C7-988C-776C136E2C4F}.Release|Any CPU.ActiveCfg = Release|Any CPU
		{79AC7BFA-0632-41C7-988C-776C136E2C4F}.Release|Any CPU.Build.0 = Release|Any CPU
		{79AC7BFA-0632-41C7-988C-776C136E2C4F}.Release|Any CPU.Deploy.0 = Release|Any CPU
		{C8F41752-854C-42DE-AA2D-19A1770FD2D7}.Debug|Any CPU.ActiveCfg = Debug|Any CPU
		{C8F41752-854C-42DE-AA2D-19A1770FD2D7}.Debug|Any CPU.Build.0 = Debug|Any CPU
		{C8F41752-854C-42DE-AA2D-19A1770FD2D7}.Release|Any CPU.ActiveCfg = Release|Any CPU
		{C8F41752-854C-42DE-AA2D-19A1770FD2D7}.Release|Any CPU.Build.0 = Release|Any CPU
		{7D60DD1E-3D97-4992-85D9-BB0344626AD4}.Debug|Any CPU.ActiveCfg = Debug|Any CPU
		{7D60DD1E-3D97-4992-85D9-BB0344626AD4}.Debug|Any CPU.Build.0 = Debug|Any CPU
		{7D60DD1E-3D97-4992-85D9-BB0344626AD4}.Release|Any CPU.ActiveCfg = Release|Any CPU
		{7D60DD1E-3D97-4992-85D9-BB0344626AD4}.Release|Any CPU.Build.0 = Release|Any CPU
		{EAB7AD49-0D02-4207-A304-A89AF3B92CA8}.Debug|Any CPU.ActiveCfg = Debug|Any CPU
		{EAB7AD49-0D02-4207-A304-A89AF3B92CA8}.Debug|Any CPU.Build.0 = Debug|Any CPU
		{EAB7AD49-0D02-4207-A304-A89AF3B92CA8}.Release|Any CPU.ActiveCfg = Release|Any CPU
		{EAB7AD49-0D02-4207-A304-A89AF3B92CA8}.Release|Any CPU.Build.0 = Release|Any CPU
		{326F9760-C82D-4D41-AC18-ED684BA8BFBA}.Debug|Any CPU.ActiveCfg = Debug|Any CPU
		{326F9760-C82D-4D41-AC18-ED684BA8BFBA}.Debug|Any CPU.Build.0 = Debug|Any CPU
		{326F9760-C82D-4D41-AC18-ED684BA8BFBA}.Release|Any CPU.ActiveCfg = Release|Any CPU
		{326F9760-C82D-4D41-AC18-ED684BA8BFBA}.Release|Any CPU.Build.0 = Release|Any CPU
	EndGlobalSection
	GlobalSection(SolutionProperties) = preSolution
		HideSolutionNode = FALSE
	EndGlobalSection
	GlobalSection(NestedProjects) = preSolution
		{771EAF5F-98CB-4802-877F-BBB531C7C307} = {42298592-E8F8-493A-BB74-39AD71185D02}
		{CBA35777-8A22-4FD4-93F0-277C3BC67AC2} = {42298592-E8F8-493A-BB74-39AD71185D02}
		{9B561CE3-8FFC-40DB-AB2E-0EB371AA275B} = {42298592-E8F8-493A-BB74-39AD71185D02}
		{C8F41752-854C-42DE-AA2D-19A1770FD2D7} = {D74EE0C8-43F6-4448-AC9C-1733299C471C}
		{7D60DD1E-3D97-4992-85D9-BB0344626AD4} = {D74EE0C8-43F6-4448-AC9C-1733299C471C}
		{326F9760-C82D-4D41-AC18-ED684BA8BFBA} = {49FB6BA5-5A63-4C8E-83E3-C0B6145ED9B0}
	EndGlobalSection
EndGlobal
